
Microsoft Visual Studio Solution File, Format Version 12.00
# Visual Studio 15
VisualStudioVersion = 15.0.27004.2006
MinimumVisualStudioVersion = 10.0.40219.1
Project("{FAE04EC0-301F-11D3-BF4B-00C04F79EFBC}") = "1", "First\1.csproj", "{D2927F43-0116-46B5-BC36-1EE69F614FA0}"
EndProject
Project("{FAE04EC0-301F-11D3-BF4B-00C04F79EFBC}") = "2", "2\2.csproj", "{D5FE4AD5-16C7-4E2B-BCA1-6A4FF4C77583}"
EndProject
Project("{FAE04EC0-301F-11D3-BF4B-00C04F79EFBC}") = "3", "3\3.csproj", "{B87E4E82-F9E7-4C36-A2CE-FE87E298839F}"
EndProject
Project("{FAE04EC0-301F-11D3-BF4B-00C04F79EFBC}") = "4", "4\4.csproj", "{B13F26A4-0234-4DE0-A842-2B406E5D5CE0}"
EndProject
Project("{FAE04EC0-301F-11D3-BF4B-00C04F79EFBC}") = "5", "5\5.csproj", "{FC5FA41B-26E6-48A7-A01E-5CC8BD39D807}"
EndProject
Global
	GlobalSection(SolutionConfigurationPlatforms) = preSolution
		Debug|Any CPU = Debug|Any CPU
		Debug|x64 = Debug|x64
		Debug|x86 = Debug|x86
		Release|Any CPU = Release|Any CPU
		Release|x64 = Release|x64
		Release|x86 = Release|x86
	EndGlobalSection
	GlobalSection(ProjectConfigurationPlatforms) = postSolution
		{D2927F43-0116-46B5-BC36-1EE69F614FA0}.Debug|Any CPU.ActiveCfg = Debug|Any CPU
		{D2927F43-0116-46B5-BC36-1EE69F614FA0}.Debug|Any CPU.Build.0 = Debug|Any CPU
		{D2927F43-0116-46B5-BC36-1EE69F614FA0}.Debug|x64.ActiveCfg = Debug|Any CPU
		{D2927F43-0116-46B5-BC36-1EE69F614FA0}.Debug|x64.Build.0 = Debug|Any CPU
		{D2927F43-0116-46B5-BC36-1EE69F614FA0}.Debug|x86.ActiveCfg = Debug|Any CPU
		{D2927F43-0116-46B5-BC36-1EE69F614FA0}.Debug|x86.Build.0 = Debug|Any CPU
		{D2927F43-0116-46B5-BC36-1EE69F614FA0}.Release|Any CPU.ActiveCfg = Release|Any CPU
		{D2927F43-0116-46B5-BC36-1EE69F614FA0}.Release|Any CPU.Build.0 = Release|Any CPU
		{D2927F43-0116-46B5-BC36-1EE69F614FA0}.Release|x64.ActiveCfg = Release|Any CPU
		{D2927F43-0116-46B5-BC36-1EE69F614FA0}.Release|x64.Build.0 = Release|Any CPU
		{D2927F43-0116-46B5-BC36-1EE69F614FA0}.Release|x86.ActiveCfg = Release|Any CPU
		{D2927F43-0116-46B5-BC36-1EE69F614FA0}.Release|x86.Build.0 = Release|Any CPU
		{D5FE4AD5-16C7-4E2B-BCA1-6A4FF4C77583}.Debug|Any CPU.ActiveCfg = Debug|Any CPU
		{D5FE4AD5-16C7-4E2B-BCA1-6A4FF4C77583}.Debug|Any CPU.Build.0 = Debug|Any CPU
		{D5FE4AD5-16C7-4E2B-BCA1-6A4FF4C77583}.Debug|x64.ActiveCfg = Debug|Any CPU
		{D5FE4AD5-16C7-4E2B-BCA1-6A4FF4C77583}.Debug|x64.Build.0 = Debug|Any CPU
		{D5FE4AD5-16C7-4E2B-BCA1-6A4FF4C77583}.Debug|x86.ActiveCfg = Debug|Any CPU
		{D5FE4AD5-16C7-4E2B-BCA1-6A4FF4C77583}.Debug|x86.Build.0 = Debug|Any CPU
		{D5FE4AD5-16C7-4E2B-BCA1-6A4FF4C77583}.Release|Any CPU.ActiveCfg = Release|Any CPU
		{D5FE4AD5-16C7-4E2B-BCA1-6A4FF4C77583}.Release|Any CPU.Build.0 = Release|Any CPU
		{D5FE4AD5-16C7-4E2B-BCA1-6A4FF4C77583}.Release|x64.ActiveCfg = Release|Any CPU
		{D5FE4AD5-16C7-4E2B-BCA1-6A4FF4C77583}.Release|x64.Build.0 = Release|Any CPU
		{D5FE4AD5-16C7-4E2B-BCA1-6A4FF4C77583}.Release|x86.ActiveCfg = Release|Any CPU
		{D5FE4AD5-16C7-4E2B-BCA1-6A4FF4C77583}.Release|x86.Build.0 = Release|Any CPU
		{B87E4E82-F9E7-4C36-A2CE-FE87E298839F}.Debug|Any CPU.ActiveCfg = Debug|Any CPU
		{B87E4E82-F9E7-4C36-A2CE-FE87E298839F}.Debug|Any CPU.Build.0 = Debug|Any CPU
		{B87E4E82-F9E7-4C36-A2CE-FE87E298839F}.Debug|x64.ActiveCfg = Debug|Any CPU
		{B87E4E82-F9E7-4C36-A2CE-FE87E298839F}.Debug|x64.Build.0 = Debug|Any CPU
		{B87E4E82-F9E7-4C36-A2CE-FE87E298839F}.Debug|x86.ActiveCfg = Debug|Any CPU
		{B87E4E82-F9E7-4C36-A2CE-FE87E298839F}.Debug|x86.Build.0 = Debug|Any CPU
		{B87E4E82-F9E7-4C36-A2CE-FE87E298839F}.Release|Any CPU.ActiveCfg = Release|Any CPU
		{B87E4E82-F9E7-4C36-A2CE-FE87E298839F}.Release|Any CPU.Build.0 = Release|Any CPU
		{B87E4E82-F9E7-4C36-A2CE-FE87E298839F}.Release|x64.ActiveCfg = Release|Any CPU
		{B87E4E82-F9E7-4C36-A2CE-FE87E298839F}.Release|x64.Build.0 = Release|Any CPU
		{B87E4E82-F9E7-4C36-A2CE-FE87E298839F}.Release|x86.ActiveCfg = Release|Any CPU
		{B87E4E82-F9E7-4C36-A2CE-FE87E298839F}.Release|x86.Build.0 = Release|Any CPU
		{B13F26A4-0234-4DE0-A842-2B406E5D5CE0}.Debug|Any CPU.ActiveCfg = Debug|Any CPU
		{B13F26A4-0234-4DE0-A842-2B406E5D5CE0}.Debug|Any CPU.Build.0 = Debug|Any CPU
		{B13F26A4-0234-4DE0-A842-2B406E5D5CE0}.Debug|x64.ActiveCfg = Debug|Any CPU
		{B13F26A4-0234-4DE0-A842-2B406E5D5CE0}.Debug|x64.Build.0 = Debug|Any CPU
		{B13F26A4-0234-4DE0-A842-2B406E5D5CE0}.Debug|x86.ActiveCfg = Debug|Any CPU
		{B13F26A4-0234-4DE0-A842-2B406E5D5CE0}.Debug|x86.Build.0 = Debug|Any CPU
		{B13F26A4-0234-4DE0-A842-2B406E5D5CE0}.Release|Any CPU.ActiveCfg = Release|Any CPU
		{B13F26A4-0234-4DE0-A842-2B406E5D5CE0}.Release|Any CPU.Build.0 = Release|Any CPU
		{B13F26A4-0234-4DE0-A842-2B406E5D5CE0}.Release|x64.ActiveCfg = Release|Any CPU
		{B13F26A4-0234-4DE0-A842-2B406E5D5CE0}.Release|x64.Build.0 = Release|Any CPU
		{B13F26A4-0234-4DE0-A842-2B406E5D5CE0}.Release|x86.ActiveCfg = Release|Any CPU
		{B13F26A4-0234-4DE0-A842-2B406E5D5CE0}.Release|x86.Build.0 = Release|Any CPU
		{FC5FA41B-26E6-48A7-A01E-5CC8BD39D807}.Debug|Any CPU.ActiveCfg = Debug|Any CPU
		{FC5FA41B-26E6-48A7-A01E-5CC8BD39D807}.Debug|Any CPU.Build.0 = Debug|Any CPU
		{FC5FA41B-26E6-48A7-A01E-5CC8BD39D807}.Debug|x64.ActiveCfg = Debug|Any CPU
		{FC5FA41B-26E6-48A7-A01E-5CC8BD39D807}.Debug|x64.Build.0 = Debug|Any CPU
		{FC5FA41B-26E6-48A7-A01E-5CC8BD39D807}.Debug|x86.ActiveCfg = Debug|Any CPU
		{FC5FA41B-26E6-48A7-A01E-5CC8BD39D807}.Debug|x86.Build.0 = Debug|Any CPU
		{FC5FA41B-26E6-48A7-A01E-5CC8BD39D807}.Release|Any CPU.ActiveCfg = Release|Any CPU
		{FC5FA41B-26E6-48A7-A01E-5CC8BD39D807}.Release|Any CPU.Build.0 = Release|Any CPU
		{FC5FA41B-26E6-48A7-A01E-5CC8BD39D807}.Release|x64.ActiveCfg = Release|Any CPU
		{FC5FA41B-26E6-48A7-A01E-5CC8BD39D807}.Release|x64.Build.0 = Release|Any CPU
		{FC5FA41B-26E6-48A7-A01E-5CC8BD39D807}.Release|x86.ActiveCfg = Release|Any CPU
		{FC5FA41B-26E6-48A7-A01E-5CC8BD39D807}.Release|x86.Build.0 = Release|Any CPU
	EndGlobalSection
	GlobalSection(SolutionProperties) = preSolution
		HideSolutionNode = FALSE
	EndGlobalSection
	GlobalSection(ExtensibilityGlobals) = postSolution
		SolutionGuid = {FDCC28A1-A97C-451D-AC75-DB0B19715EB3}
	EndGlobalSection
EndGlobal
